
Microsoft Visual Studio Solution File, Format Version 12.00
# Visual Studio Version 16
VisualStudioVersion = 16.0.31424.327
MinimumVisualStudioVersion = 10.0.40219.1
Project("{FAE04EC0-301F-11D3-BF4B-00C04F79EFBC}") = "ConsoleApp1", "ConsoleApp1\ConsoleApp1.csproj", "{015AD0F0-6B62-498C-AFF1-8164E207903D}"
EndProject
Global
	GlobalSection(SolutionConfigurationPlatforms) = preSolution
		Debug|Any CPU = Debug|Any CPU
		Release|Any CPU = Release|Any CPU
	EndGlobalSection
	GlobalSection(ProjectConfigurationPlatforms) = postSolution
		{015AD0F0-6B62-498C-AFF1-8164E207903D}.Debug|Any CPU.ActiveCfg = Debug|Any CPU
		{015AD0F0-6B62-498C-AFF1-8164E207903D}.Debug|Any CPU.Build.0 = Debug|Any CPU
		{015AD0F0-6B62-498C-AFF1-8164E207903D}.Release|Any CPU.ActiveCfg = Release|Any CPU
		{015AD0F0-6B62-498C-AFF1-8164E207903D}.Release|Any CPU.Build.0 = Release|Any CPU
	EndGlobalSection
	GlobalSection(SolutionProperties) = preSolution
		HideSolutionNode = FALSE
	EndGlobalSection
	GlobalSection(ExtensibilityGlobals) = postSolution
		SolutionGuid = {11B57E5E-DD30-4EA3-853A-B707531E7693}
	EndGlobalSection
EndGlobal
